
Microsoft Visual Studio Solution File, Format Version 12.00
# Visual Studio Version 16
VisualStudioVersion = 16.0.30517.126
MinimumVisualStudioVersion = 10.0.40219.1
Project("{9A19103F-16F7-4668-BE54-9A1E7A4F7556}") = "Movies API", "Movies API\Movies API.csproj", "{E6A569BE-FB77-4DE6-A96A-6CB9F05E66D6}"
	ProjectSection(ProjectDependencies) = postProject
		{0371C8DB-E007-41A1-A4EF-B49A0FB94C5A} = {0371C8DB-E007-41A1-A4EF-B49A0FB94C5A}
	EndProjectSection
EndProject
Project("{9A19103F-16F7-4668-BE54-9A1E7A4F7556}") = "Movies API Tests", "Movies API Tests\Movies API Tests.csproj", "{49EA0DA7-D5D8-4AC0-97DD-6FE6D632D2C2}"
EndProject
Project("{9A19103F-16F7-4668-BE54-9A1E7A4F7556}") = "Repository API", "Repository API\Repository API.csproj", "{3E2C909A-55AF-47AF-A603-9F8F628412A1}"
EndProject
Project("{9A19103F-16F7-4668-BE54-9A1E7A4F7556}") = "Movie Repository", "Movie Repository\Movie Repository.csproj", "{0371C8DB-E007-41A1-A4EF-B49A0FB94C5A}"
EndProject
Project("{9A19103F-16F7-4668-BE54-9A1E7A4F7556}") = "Movie RepositoryTests", "Movie RepositoryTests\Movie RepositoryTests.csproj", "{2F189C54-9F30-4F6A-B76D-F4DE89D3BCD8}"
EndProject
Project("{2150E333-8FDC-42A3-9474-1A3956D46DE8}") = "Solution Items", "Solution Items", "{3A0C344D-B923-4B37-80CC-D38681DD2E3B}"
	ProjectSection(SolutionItems) = preProject
		coverlet.runsettings = coverlet.runsettings
		LICENSE = LICENSE
		README.md = README.md
	EndProjectSection
EndProject
Global
	GlobalSection(SolutionConfigurationPlatforms) = preSolution
		Debug|Any CPU = Debug|Any CPU
		Release|Any CPU = Release|Any CPU
	EndGlobalSection
	GlobalSection(ProjectConfigurationPlatforms) = postSolution
		{E6A569BE-FB77-4DE6-A96A-6CB9F05E66D6}.Debug|Any CPU.ActiveCfg = Debug|Any CPU
		{E6A569BE-FB77-4DE6-A96A-6CB9F05E66D6}.Debug|Any CPU.Build.0 = Debug|Any CPU
		{E6A569BE-FB77-4DE6-A96A-6CB9F05E66D6}.Release|Any CPU.ActiveCfg = Release|Any CPU
		{E6A569BE-FB77-4DE6-A96A-6CB9F05E66D6}.Release|Any CPU.Build.0 = Release|Any CPU
		{49EA0DA7-D5D8-4AC0-97DD-6FE6D632D2C2}.Debug|Any CPU.ActiveCfg = Debug|Any CPU
		{49EA0DA7-D5D8-4AC0-97DD-6FE6D632D2C2}.Debug|Any CPU.Build.0 = Debug|Any CPU
		{49EA0DA7-D5D8-4AC0-97DD-6FE6D632D2C2}.Release|Any CPU.ActiveCfg = Release|Any CPU
		{49EA0DA7-D5D8-4AC0-97DD-6FE6D632D2C2}.Release|Any CPU.Build.0 = Release|Any CPU
		{3E2C909A-55AF-47AF-A603-9F8F628412A1}.Debug|Any CPU.ActiveCfg = Debug|Any CPU
		{3E2C909A-55AF-47AF-A603-9F8F628412A1}.Debug|Any CPU.Build.0 = Debug|Any CPU
		{3E2C909A-55AF-47AF-A603-9F8F628412A1}.Release|Any CPU.ActiveCfg = Release|Any CPU
		{3E2C909A-55AF-47AF-A603-9F8F628412A1}.Release|Any CPU.Build.0 = Release|Any CPU
		{0371C8DB-E007-41A1-A4EF-B49A0FB94C5A}.Debug|Any CPU.ActiveCfg = Debug|Any CPU
		{0371C8DB-E007-41A1-A4EF-B49A0FB94C5A}.Debug|Any CPU.Build.0 = Debug|Any CPU
		{0371C8DB-E007-41A1-A4EF-B49A0FB94C5A}.Release|Any CPU.ActiveCfg = Release|Any CPU
		{0371C8DB-E007-41A1-A4EF-B49A0FB94C5A}.Release|Any CPU.Build.0 = Release|Any CPU
		{2F189C54-9F30-4F6A-B76D-F4DE89D3BCD8}.Debug|Any CPU.ActiveCfg = Debug|Any CPU
		{2F189C54-9F30-4F6A-B76D-F4DE89D3BCD8}.Debug|Any CPU.Build.0 = Debug|Any CPU
		{2F189C54-9F30-4F6A-B76D-F4DE89D3BCD8}.Release|Any CPU.ActiveCfg = Release|Any CPU
		{2F189C54-9F30-4F6A-B76D-F4DE89D3BCD8}.Release|Any CPU.Build.0 = Release|Any CPU
	EndGlobalSection
	GlobalSection(SolutionProperties) = preSolution
		HideSolutionNode = FALSE
	EndGlobalSection
	GlobalSection(ExtensibilityGlobals) = postSolution
		SolutionGuid = {35AEC92B-5C44-45FF-A68A-BF173B53828D}
	EndGlobalSection
EndGlobal
